{
    "_readme": [
        "This file locks the dependencies of your project to a known state",
        "Read more about it at https://getcomposer.org/doc/01-basic-usage.md#composer-lock-the-lock-file",
        "This file is @generated automatically"
    ],
    "content-hash": "037fbfe2078e69beca405640a7e3f001",
    "packages": [
        {
            "name": "printnode/printnode-php",
            "version": "dev-master",
            "source": {
                "type": "git",
                "url": "https://github.com/PrintNode/PrintNode-PHP.git",
                "reference": "960acabca3c0d976bbd92bf0d6490a1fe5df7496"
            },
            "dist": {
                "type": "zip",
                "url": "https://api.github.com/repos/PrintNode/PrintNode-PHP/zipball/960acabca3c0d976bbd92bf0d6490a1fe5df7496",
                "reference": "960acabca3c0d976bbd92bf0d6490a1fe5df7496",
                "shasum": ""
            },
            "require": {
                "ext-curl": "*",
                "php": ">=5.3.2"
            },
            "type": "library",
            "autoload": {
                "psr-4": {
                    "PrintNode\\": "src/PrintNode"
                }
            },
            "notification-url": "https://packagist.org/downloads/",
            "authors": [
                {
                    "name": "Contributors",
                    "email": "support@printnode.com",
                    "homepage": "https://www.printnode.com"
                }
            ],
            "description": "Connect any printer to your application with PrintNode Client and easy to use JSON API",
            "homepage": "https://github.com/PrintNode/PrintNode-PHP",
            "keywords": [
                "PrintNode",
                "api",
                "php",
                "printing"
            ],
            "time": "2017-05-17T21:26:48+00:00"
        }
    ],
    "packages-dev": [],
    "aliases": [],
    "minimum-stability": "dev",
    "stability-flags": {
        "printnode/printnode-php": 20
    },
    "prefer-stable": false,
    "prefer-lowest": false,
    "platform": [],
    "platform-dev": []
}
